{
  "name": "nvim",
  "lockfileVersion": 3,
  "requires": true,
  "packages": {
    "": {
      "dependencies": {
        "@vscode/codicons": "^0.0.33"
      }
    },
    "node_modules/@vscode/codicons": {
      "version": "0.0.33",
      "resolved": "https://registry.npmjs.org/@vscode/codicons/-/codicons-0.0.33.tgz",
      "integrity": "sha512-VdgpnD75swH9hpXjd34VBgQ2w2quK63WljodlUcOoJDPKiV+rPjHrcUc2sjLCNKxhl6oKqmsZgwOWcDAY2GKKQ=="
    }
  }
}
